
Microsoft Visual Studio Solution File, Format Version 12.00
# Visual Studio Version 16
VisualStudioVersion = 16.0.30309.148
MinimumVisualStudioVersion = 10.0.40219.1
Project("{FAE04EC0-301F-11D3-BF4B-00C04F79EFBC}") = "PaintCalculator", "PaintCalculator\PaintCalculator.csproj", "{6E29D759-C2E5-47A2-A71C-CDAC2C35DCB3}"
EndProject
Project("{FAE04EC0-301F-11D3-BF4B-00C04F79EFBC}") = "PaintCalculator.Test", "PaintCalculator.Test\PaintCalculator.Test.csproj", "{FE39B035-2AD1-4DDD-ACE2-FD0E65C2AFE7}"
EndProject
Global
	GlobalSection(SolutionConfigurationPlatforms) = preSolution
		Debug|Any CPU = Debug|Any CPU
		Release|Any CPU = Release|Any CPU
	EndGlobalSection
	GlobalSection(ProjectConfigurationPlatforms) = postSolution
		{6E29D759-C2E5-47A2-A71C-CDAC2C35DCB3}.Debug|Any CPU.ActiveCfg = Debug|Any CPU
		{6E29D759-C2E5-47A2-A71C-CDAC2C35DCB3}.Debug|Any CPU.Build.0 = Debug|Any CPU
		{6E29D759-C2E5-47A2-A71C-CDAC2C35DCB3}.Release|Any CPU.ActiveCfg = Release|Any CPU
		{6E29D759-C2E5-47A2-A71C-CDAC2C35DCB3}.Release|Any CPU.Build.0 = Release|Any CPU
		{FE39B035-2AD1-4DDD-ACE2-FD0E65C2AFE7}.Debug|Any CPU.ActiveCfg = Debug|Any CPU
		{FE39B035-2AD1-4DDD-ACE2-FD0E65C2AFE7}.Debug|Any CPU.Build.0 = Debug|Any CPU
		{FE39B035-2AD1-4DDD-ACE2-FD0E65C2AFE7}.Release|Any CPU.ActiveCfg = Release|Any CPU
		{FE39B035-2AD1-4DDD-ACE2-FD0E65C2AFE7}.Release|Any CPU.Build.0 = Release|Any CPU
	EndGlobalSection
	GlobalSection(SolutionProperties) = preSolution
		HideSolutionNode = FALSE
	EndGlobalSection
	GlobalSection(ExtensibilityGlobals) = postSolution
		SolutionGuid = {E3C53436-41B8-44A8-BA99-DBDAA1D44A24}
	EndGlobalSection
EndGlobal
